// !$*UTF8*$!
{
	archiveVersion = 1;
	classes = {
	};
	objectVersion = 56;
	objects = {

/* Begin PBXBuildFile section */
		5FB08B3129F281DB00655817 /* Habit.swift in Sources */ = {isa = PBXBuildFile; fileRef = 5FB08B3029F281DB00655817 /* Habit.swift */; };
		5FB08B3329F2905F00655817 /* HabitListVm.swift in Sources */ = {isa = PBXBuildFile; fileRef = 5FB08B3229F2905F00655817 /* HabitListVm.swift */; };
		5FB08B3529F294AB00655817 /* HabitListView.swift in Sources */ = {isa = PBXBuildFile; fileRef = 5FB08B3429F294AB00655817 /* HabitListView.swift */; };
		5FB08B3929F2958700655817 /* SignInView.swift in Sources */ = {isa = PBXBuildFile; fileRef = 5FB08B3829F2958700655817 /* SignInView.swift */; };
		5FCC1B9C29F1727A00F934B0 /* HabitTrackerAppApp.swift in Sources */ = {isa = PBXBuildFile; fileRef = 5FCC1B9B29F1727A00F934B0 /* HabitTrackerAppApp.swift */; };
		5FCC1B9E29F1727A00F934B0 /* ContentView.swift in Sources */ = {isa = PBXBuildFile; fileRef = 5FCC1B9D29F1727A00F934B0 /* ContentView.swift */; };
		5FCC1BA029F1727B00F934B0 /* Assets.xcassets in Resources */ = {isa = PBXBuildFile; fileRef = 5FCC1B9F29F1727B00F934B0 /* Assets.xcassets */; };
		5FCC1BA329F1727B00F934B0 /* Preview Assets.xcassets in Resources */ = {isa = PBXBuildFile; fileRef = 5FCC1BA229F1727B00F934B0 /* Preview Assets.xcassets */; };
		5FCC1BAD29F1727B00F934B0 /* HabitTrackerAppTests.swift in Sources */ = {isa = PBXBuildFile; fileRef = 5FCC1BAC29F1727B00F934B0 /* HabitTrackerAppTests.swift */; };
		5FCC1BB729F1727B00F934B0 /* HabitTrackerAppUITests.swift in Sources */ = {isa = PBXBuildFile; fileRef = 5FCC1BB629F1727B00F934B0 /* HabitTrackerAppUITests.swift */; };
		5FCC1BB929F1727B00F934B0 /* HabitTrackerAppUITestsLaunchTests.swift in Sources */ = {isa = PBXBuildFile; fileRef = 5FCC1BB829F1727B00F934B0 /* HabitTrackerAppUITestsLaunchTests.swift */; };
		5FCC1BC629F1730900F934B0 /* GoogleService-Info.plist in Resources */ = {isa = PBXBuildFile; fileRef = 5FCC1BC529F1730900F934B0 /* GoogleService-Info.plist */; };
		5FCC1BC929F1733600F934B0 /* FirebaseAuth in Frameworks */ = {isa = PBXBuildFile; productRef = 5FCC1BC829F1733600F934B0 /* FirebaseAuth */; };
		5FCC1BCB29F1733600F934B0 /* FirebaseFirestore in Frameworks */ = {isa = PBXBuildFile; productRef = 5FCC1BCA29F1733600F934B0 /* FirebaseFirestore */; };
		5FCC1BCD29F1733600F934B0 /* FirebaseFirestoreSwift in Frameworks */ = {isa = PBXBuildFile; productRef = 5FCC1BCC29F1733600F934B0 /* FirebaseFirestoreSwift */; };
/* End PBXBuildFile section */

/* Begin PBXContainerItemProxy section */
		5FCC1BA929F1727B00F934B0 /* PBXContainerItemProxy */ = {
			isa = PBXContainerItemProxy;
			containerPortal = 5FCC1B9029F1727A00F934B0 /* Project object */;
			proxyType = 1;
			remoteGlobalIDString = 5FCC1B9729F1727A00F934B0;
			remoteInfo = HabitTrackerApp;
		};
		5FCC1BB329F1727B00F934B0 /* PBXContainerItemProxy */ = {
			isa = PBXContainerItemProxy;
			containerPortal = 5FCC1B9029F1727A00F934B0 /* Project object */;
			proxyType = 1;
			remoteGlobalIDString = 5FCC1B9729F1727A00F934B0;
			remoteInfo = HabitTrackerApp;
		};
/* End PBXContainerItemProxy section */

/* Begin PBXFileReference section */
		5FB08B3029F281DB00655817 /* Habit.swift */ = {isa = PBXFileReference; lastKnownFileType = sourcecode.swift; path = Habit.swift; sourceTree = "<group>"; };
		5FB08B3229F2905F00655817 /* HabitListVm.swift */ = {isa = PBXFileReference; lastKnownFileType = sourcecode.swift; path = HabitListVm.swift; sourceTree = "<group>"; };
		5FB08B3429F294AB00655817 /* HabitListView.swift */ = {isa = PBXFileReference; lastKnownFileType = sourcecode.swift; path = HabitListView.swift; sourceTree = "<group>"; };
		5FB08B3829F2958700655817 /* SignInView.swift */ = {isa = PBXFileReference; lastKnownFileType = sourcecode.swift; path = SignInView.swift; sourceTree = "<group>"; };
		5FCC1B9829F1727A00F934B0 /* HabitTrackerApp.app */ = {isa = PBXFileReference; explicitFileType = wrapper.application; includeInIndex = 0; path = HabitTrackerApp.app; sourceTree = BUILT_PRODUCTS_DIR; };
		5FCC1B9B29F1727A00F934B0 /* HabitTrackerAppApp.swift */ = {isa = PBXFileReference; lastKnownFileType = sourcecode.swift; path = HabitTrackerAppApp.swift; sourceTree = "<group>"; };
		5FCC1B9D29F1727A00F934B0 /* ContentView.swift */ = {isa = PBXFileReference; lastKnownFileType = sourcecode.swift; path = ContentView.swift; sourceTree = "<group>"; };
		5FCC1B9F29F1727B00F934B0 /* Assets.xcassets */ = {isa = PBXFileReference; lastKnownFileType = folder.assetcatalog; path = Assets.xcassets; sourceTree = "<group>"; };
		5FCC1BA229F1727B00F934B0 /* Preview Assets.xcassets */ = {isa = PBXFileReference; lastKnownFileType = folder.assetcatalog; path = "Preview Assets.xcassets"; sourceTree = "<group>"; };
		5FCC1BA829F1727B00F934B0 /* HabitTrackerAppTests.xctest */ = {isa = PBXFileReference; explicitFileType = wrapper.cfbundle; includeInIndex = 0; path = HabitTrackerAppTests.xctest; sourceTree = BUILT_PRODUCTS_DIR; };
		5FCC1BAC29F1727B00F934B0 /* HabitTrackerAppTests.swift */ = {isa = PBXFileReference; lastKnownFileType = sourcecode.swift; path = HabitTrackerAppTests.swift; sourceTree = "<group>"; };
		5FCC1BB229F1727B00F934B0 /* HabitTrackerAppUITests.xctest */ = {isa = PBXFileReference; explicitFileType = wrapper.cfbundle; includeInIndex = 0; path = HabitTrackerAppUITests.xctest; sourceTree = BUILT_PRODUCTS_DIR; };
		5FCC1BB629F1727B00F934B0 /* HabitTrackerAppUITests.swift */ = {isa = PBXFileReference; lastKnownFileType = sourcecode.swift; path = HabitTrackerAppUITests.swift; sourceTree = "<group>"; };
		5FCC1BB829F1727B00F934B0 /* HabitTrackerAppUITestsLaunchTests.swift */ = {isa = PBXFileReference; lastKnownFileType = sourcecode.swift; path = HabitTrackerAppUITestsLaunchTests.swift; sourceTree = "<group>"; };
		5FCC1BC529F1730900F934B0 /* GoogleService-Info.plist */ = {isa = PBXFileReference; fileEncoding = 4; lastKnownFileType = text.plist.xml; path = "GoogleService-Info.plist"; sourceTree = "<group>"; };
/* End PBXFileReference section */

/* Begin PBXFrameworksBuildPhase section */
		5FCC1B9529F1727A00F934B0 /* Frameworks */ = {
			isa = PBXFrameworksBuildPhase;
			buildActionMask = 2147483647;
			files = (
				5FCC1BC929F1733600F934B0 /* FirebaseAuth in Frameworks */,
				5FCC1BCB29F1733600F934B0 /* FirebaseFirestore in Frameworks */,
				5FCC1BCD29F1733600F934B0 /* FirebaseFirestoreSwift in Frameworks */,
			);
			runOnlyForDeploymentPostprocessing = 0;
		};
		5FCC1BA529F1727B00F934B0 /* Frameworks */ = {
			isa = PBXFrameworksBuildPhase;
			buildActionMask = 2147483647;
			files = (
			);
			runOnlyForDeploymentPostprocessing = 0;
		};
		5FCC1BAF29F1727B00F934B0 /* Frameworks */ = {
			isa = PBXFrameworksBuildPhase;
			buildActionMask = 2147483647;
			files = (
			);
			runOnlyForDeploymentPostprocessing = 0;
		};
/* End PBXFrameworksBuildPhase section */

/* Begin PBXGroup section */
		5FB08B3629F294DB00655817 /* View */ = {
			isa = PBXGroup;
			children = (
				5FCC1B9D29F1727A00F934B0 /* ContentView.swift */,
				5FB08B3429F294AB00655817 /* HabitListView.swift */,
				5FB08B3829F2958700655817 /* SignInView.swift */,
			);
			path = View;
			sourceTree = "<group>";
		};
		5FB08B3729F2951100655817 /* Model */ = {
			isa = PBXGroup;
			children = (
				5FB08B3029F281DB00655817 /* Habit.swift */,
				5FB08B3229F2905F00655817 /* HabitListVm.swift */,
			);
			path = Model;
			sourceTree = "<group>";
		};
		5FCC1B8F29F1727A00F934B0 = {
			isa = PBXGroup;
			children = (
				5FCC1B9A29F1727A00F934B0 /* HabitTrackerApp */,
				5FCC1BAB29F1727B00F934B0 /* HabitTrackerAppTests */,
				5FCC1BB529F1727B00F934B0 /* HabitTrackerAppUITests */,
				5FCC1B9929F1727A00F934B0 /* Products */,
			);
			sourceTree = "<group>";
		};
		5FCC1B9929F1727A00F934B0 /* Products */ = {
			isa = PBXGroup;
			children = (
				5FCC1B9829F1727A00F934B0 /* HabitTrackerApp.app */,
				5FCC1BA829F1727B00F934B0 /* HabitTrackerAppTests.xctest */,
				5FCC1BB229F1727B00F934B0 /* HabitTrackerAppUITests.xctest */,
			);
			name = Products;
			sourceTree = "<group>";
		};
		5FCC1B9A29F1727A00F934B0 /* HabitTrackerApp */ = {
			isa = PBXGroup;
			children = (
				5FB08B3729F2951100655817 /* Model */,
				5FB08B3629F294DB00655817 /* View */,
				5FCC1B9B29F1727A00F934B0 /* HabitTrackerAppApp.swift */,
				5FCC1B9F29F1727B00F934B0 /* Assets.xcassets */,
				5FCC1BC529F1730900F934B0 /* GoogleService-Info.plist */,
				5FCC1BA129F1727B00F934B0 /* Preview Content */,
			);
			path = HabitTrackerApp;
			sourceTree = "<group>";
		};
		5FCC1BA129F1727B00F934B0 /* Preview Content */ = {
			isa = PBXGroup;
			children = (
				5FCC1BA229F1727B00F934B0 /* Preview Assets.xcassets */,
			);
			path = "Preview Content";
			sourceTree = "<group>";
		};
		5FCC1BAB29F1727B00F934B0 /* HabitTrackerAppTests */ = {
			isa = PBXGroup;
			children = (
				5FCC1BAC29F1727B00F934B0 /* HabitTrackerAppTests.swift */,
			);
			path = HabitTrackerAppTests;
			sourceTree = "<group>";
		};
		5FCC1BB529F1727B00F934B0 /* HabitTrackerAppUITests */ = {
			isa = PBXGroup;
			children = (
				5FCC1BB629F1727B00F934B0 /* HabitTrackerAppUITests.swift */,
				5FCC1BB829F1727B00F934B0 /* HabitTrackerAppUITestsLaunchTests.swift */,
			);
			path = HabitTrackerAppUITests;
			sourceTree = "<group>";
		};
/* End PBXGroup section */

/* Begin PBXNativeTarget section */
		5FCC1B9729F1727A00F934B0 /* HabitTrackerApp */ = {
			isa = PBXNativeTarget;
			buildConfigurationList = 5FCC1BBC29F1727B00F934B0 /* Build configuration list for PBXNativeTarget "HabitTrackerApp" */;
			buildPhases = (
				5FCC1B9429F1727A00F934B0 /* Sources */,
				5FCC1B9529F1727A00F934B0 /* Frameworks */,
				5FCC1B9629F1727A00F934B0 /* Resources */,
			);
			buildRules = (
			);
			dependencies = (
			);
			name = HabitTrackerApp;
			packageProductDependencies = (
				5FCC1BC829F1733600F934B0 /* FirebaseAuth */,
				5FCC1BCA29F1733600F934B0 /* FirebaseFirestore */,
				5FCC1BCC29F1733600F934B0 /* FirebaseFirestoreSwift */,
			);
			productName = HabitTrackerApp;
			productReference = 5FCC1B9829F1727A00F934B0 /* HabitTrackerApp.app */;
			productType = "com.apple.product-type.application";
		};
		5FCC1BA729F1727B00F934B0 /* HabitTrackerAppTests */ = {
			isa = PBXNativeTarget;
			buildConfigurationList = 5FCC1BBF29F1727B00F934B0 /* Build configuration list for PBXNativeTarget "HabitTrackerAppTests" */;
			buildPhases = (
				5FCC1BA429F1727B00F934B0 /* Sources */,
				5FCC1BA529F1727B00F934B0 /* Frameworks */,
				5FCC1BA629F1727B00F934B0 /* Resources */,
			);
			buildRules = (
			);
			dependencies = (
				5FCC1BAA29F1727B00F934B0 /* PBXTargetDependency */,
			);
			name = HabitTrackerAppTests;
			productName = HabitTrackerAppTests;
			productReference = 5FCC1BA829F1727B00F934B0 /* HabitTrackerAppTests.xctest */;
			productType = "com.apple.product-type.bundle.unit-test";
		};
		5FCC1BB129F1727B00F934B0 /* HabitTrackerAppUITests */ = {
			isa = PBXNativeTarget;
			buildConfigurationList = 5FCC1BC229F1727B00F934B0 /* Build configuration list for PBXNativeTarget "HabitTrackerAppUITests" */;
			buildPhases = (
				5FCC1BAE29F1727B00F934B0 /* Sources */,
				5FCC1BAF29F1727B00F934B0 /* Frameworks */,
				5FCC1BB029F1727B00F934B0 /* Resources */,
			);
			buildRules = (
			);
			dependencies = (
				5FCC1BB429F1727B00F934B0 /* PBXTargetDependency */,
			);
			name = HabitTrackerAppUITests;
			productName = HabitTrackerAppUITests;
			productReference = 5FCC1BB229F1727B00F934B0 /* HabitTrackerAppUITests.xctest */;
			productType = "com.apple.product-type.bundle.ui-testing";
		};
/* End PBXNativeTarget section */

/* Begin PBXProject section */
		5FCC1B9029F1727A00F934B0 /* Project object */ = {
			isa = PBXProject;
			attributes = {
				BuildIndependentTargetsInParallel = 1;
				LastSwiftUpdateCheck = 1430;
				LastUpgradeCheck = 1430;
				TargetAttributes = {
					5FCC1B9729F1727A00F934B0 = {
						CreatedOnToolsVersion = 14.3;
					};
					5FCC1BA729F1727B00F934B0 = {
						CreatedOnToolsVersion = 14.3;
						TestTargetID = 5FCC1B9729F1727A00F934B0;
					};
					5FCC1BB129F1727B00F934B0 = {
						CreatedOnToolsVersion = 14.3;
						TestTargetID = 5FCC1B9729F1727A00F934B0;
					};
				};
			};
			buildConfigurationList = 5FCC1B9329F1727A00F934B0 /* Build configuration list for PBXProject "HabitTrackerApp" */;
			compatibilityVersion = "Xcode 14.0";
			developmentRegion = en;
			hasScannedForEncodings = 0;
			knownRegions = (
				en,
				Base,
			);
			mainGroup = 5FCC1B8F29F1727A00F934B0;
			packageReferences = (
				5FCC1BC729F1733600F934B0 /* XCRemoteSwiftPackageReference "firebase-ios-sdk" */,
			);
			productRefGroup = 5FCC1B9929F1727A00F934B0 /* Products */;
			projectDirPath = "";
			projectRoot = "";
			targets = (
				5FCC1B9729F1727A00F934B0 /* HabitTrackerApp */,
				5FCC1BA729F1727B00F934B0 /* HabitTrackerAppTests */,
				5FCC1BB129F1727B00F934B0 /* HabitTrackerAppUITests */,
			);
		};
/* End PBXProject section */

/* Begin PBXResourcesBuildPhase section */
		5FCC1B9629F1727A00F934B0 /* Resources */ = {
			isa = PBXResourcesBuildPhase;
			buildActionMask = 2147483647;
			files = (
				5FCC1BA329F1727B00F934B0 /* Preview Assets.xcassets in Resources */,
				5FCC1BA029F1727B00F934B0 /* Assets.xcassets in Resources */,
				5FCC1BC629F1730900F934B0 /* GoogleService-Info.plist in Resources */,
			);
			runOnlyForDeploymentPostprocessing = 0;
		};
		5FCC1BA629F1727B00F934B0 /* Resources */ = {
			isa = PBXResourcesBuildPhase;
			buildActionMask = 2147483647;
			files = (
			);
			runOnlyForDeploymentPostprocessing = 0;
		};
		5FCC1BB029F1727B00F934B0 /* Resources */ = {
			isa = PBXResourcesBuildPhase;
			buildActionMask = 2147483647;
			files = (
			);
			runOnlyForDeploymentPostprocessing = 0;
		};
/* End PBXResourcesBuildPhase section */

/* Begin PBXSourcesBuildPhase section */
		5FCC1B9429F1727A00F934B0 /* Sources */ = {
			isa = PBXSourcesBuildPhase;
			buildActionMask = 2147483647;
			files = (
				5FB08B3929F2958700655817 /* SignInView.swift in Sources */,
				5FB08B3129F281DB00655817 /* Habit.swift in Sources */,
				5FB08B3529F294AB00655817 /* HabitListView.swift in Sources */,
				5FCC1B9E29F1727A00F934B0 /* ContentView.swift in Sources */,
				5FCC1B9C29F1727A00F934B0 /* HabitTrackerAppApp.swift in Sources */,
				5FB08B3329F2905F00655817 /* HabitListVm.swift in Sources */,
			);
			runOnlyForDeploymentPostprocessing = 0;
		};
		5FCC1BA429F1727B00F934B0 /* Sources */ = {
			isa = PBXSourcesBuildPhase;
			buildActionMask = 2147483647;
			files = (
				5FCC1BAD29F1727B00F934B0 /* HabitTrackerAppTests.swift in Sources */,
			);
			runOnlyForDeploymentPostprocessing = 0;
		};
		5FCC1BAE29F1727B00F934B0 /* Sources */ = {
			isa = PBXSourcesBuildPhase;
			buildActionMask = 2147483647;
			files = (
				5FCC1BB929F1727B00F934B0 /* HabitTrackerAppUITestsLaunchTests.swift in Sources */,
				5FCC1BB729F1727B00F934B0 /* HabitTrackerAppUITests.swift in Sources */,
			);
			runOnlyForDeploymentPostprocessing = 0;
		};
/* End PBXSourcesBuildPhase section */

/* Begin PBXTargetDependency section */
		5FCC1BAA29F1727B00F934B0 /* PBXTargetDependency */ = {
			isa = PBXTargetDependency;
			target = 5FCC1B9729F1727A00F934B0 /* HabitTrackerApp */;
			targetProxy = 5FCC1BA929F1727B00F934B0 /* PBXContainerItemProxy */;
		};
		5FCC1BB429F1727B00F934B0 /* PBXTargetDependency */ = {
			isa = PBXTargetDependency;
			target = 5FCC1B9729F1727A00F934B0 /* HabitTrackerApp */;
			targetProxy = 5FCC1BB329F1727B00F934B0 /* PBXContainerItemProxy */;
		};
/* End PBXTargetDependency section */

/* Begin XCBuildConfiguration section */
		5FCC1BBA29F1727B00F934B0 /* Debug */ = {
			isa = XCBuildConfiguration;
			buildSettings = {
				ALWAYS_SEARCH_USER_PATHS = NO;
				CLANG_ANALYZER_NONNULL = YES;
				CLANG_ANALYZER_NUMBER_OBJECT_CONVERSION = YES_AGGRESSIVE;
				CLANG_CXX_LANGUAGE_STANDARD = "gnu++20";
				CLANG_ENABLE_MODULES = YES;
				CLANG_ENABLE_OBJC_ARC = YES;
				CLANG_ENABLE_OBJC_WEAK = YES;
				CLANG_WARN_BLOCK_CAPTURE_AUTORELEASING = YES;
				CLANG_WARN_BOOL_CONVERSION = YES;
				CLANG_WARN_COMMA = YES;
				CLANG_WARN_CONSTANT_CONVERSION = YES;
				CLANG_WARN_DEPRECATED_OBJC_IMPLEMENTATIONS = YES;
				CLANG_WARN_DIRECT_OBJC_ISA_USAGE = YES_ERROR;
				CLANG_WARN_DOCUMENTATION_COMMENTS = YES;
				CLANG_WARN_EMPTY_BODY = YES;
				CLANG_WARN_ENUM_CONVERSION = YES;
				CLANG_WARN_INFINITE_RECURSION = YES;
				CLANG_WARN_INT_CONVERSION = YES;
				CLANG_WARN_NON_LITERAL_NULL_CONVERSION = YES;
				CLANG_WARN_OBJC_IMPLICIT_RETAIN_SELF = YES;
				CLANG_WARN_OBJC_LITERAL_CONVERSION = YES;
				CLANG_WARN_OBJC_ROOT_CLASS = YES_ERROR;
				CLANG_WARN_QUOTED_INCLUDE_IN_FRAMEWORK_HEADER = YES;
				CLANG_WARN_RANGE_LOOP_ANALYSIS = YES;
				CLANG_WARN_STRICT_PROTOTYPES = YES;
				CLANG_WARN_SUSPICIOUS_MOVE = YES;
				CLANG_WARN_UNGUARDED_AVAILABILITY = YES_AGGRESSIVE;
				CLANG_WARN_UNREACHABLE_CODE = YES;
				CLANG_WARN__DUPLICATE_METHOD_MATCH = YES;
				COPY_PHASE_STRIP = NO;
				DEBUG_INFORMATION_FORMAT = dwarf;
				ENABLE_STRICT_OBJC_MSGSEND = YES;
				ENABLE_TESTABILITY = YES;
				GCC_C_LANGUAGE_STANDARD = gnu11;
				GCC_DYNAMIC_NO_PIC = NO;
				GCC_NO_COMMON_BLOCKS = YES;
				GCC_OPTIMIZATION_LEVEL = 0;
				GCC_PREPROCESSOR_DEFINITIONS = (
					"DEBUG=1",
					"$(inherited)",
				);
				GCC_WARN_64_TO_32_BIT_CONVERSION = YES;
				GCC_WARN_ABOUT_RETURN_TYPE = YES_ERROR;
				GCC_WARN_UNDECLARED_SELECTOR = YES;
				GCC_WARN_UNINITIALIZED_AUTOS = YES_AGGRESSIVE;
				GCC_WARN_UNUSED_FUNCTION = YES;
				GCC_WARN_UNUSED_VARIABLE = YES;
				IPHONEOS_DEPLOYMENT_TARGET = 16.4;
				MTL_ENABLE_DEBUG_INFO = INCLUDE_SOURCE;
				MTL_FAST_MATH = YES;
				ONLY_ACTIVE_ARCH = YES;
				SDKROOT = iphoneos;
				SWIFT_ACTIVE_COMPILATION_CONDITIONS = DEBUG;
				SWIFT_OPTIMIZATION_LEVEL = "-Onone";
			};
			name = Debug;
		};
		5FCC1BBB29F1727B00F934B0 /* Release */ = {
			isa = XCBuildConfiguration;
			buildSettings = {
				ALWAYS_SEARCH_USER_PATHS = NO;
				CLANG_ANALYZER_NONNULL = YES;
				CLANG_ANALYZER_NUMBER_OBJECT_CONVERSION = YES_AGGRESSIVE;
				CLANG_CXX_LANGUAGE_STANDARD = "gnu++20";
				CLANG_ENABLE_MODULES = YES;
				CLANG_ENABLE_OBJC_ARC = YES;
				CLANG_ENABLE_OBJC_WEAK = YES;
				CLANG_WARN_BLOCK_CAPTURE_AUTORELEASING = YES;
				CLANG_WARN_BOOL_CONVERSION = YES;
				CLANG_WARN_COMMA = YES;
				CLANG_WARN_CONSTANT_CONVERSION = YES;
				CLANG_WARN_DEPRECATED_OBJC_IMPLEMENTATIONS = YES;
				CLANG_WARN_DIRECT_OBJC_ISA_USAGE = YES_ERROR;
				CLANG_WARN_DOCUMENTATION_COMMENTS = YES;
				CLANG_WARN_EMPTY_BODY = YES;
				CLANG_WARN_ENUM_CONVERSION = YES;
				CLANG_WARN_INFINITE_RECURSION = YES;
				CLANG_WARN_INT_CONVERSION = YES;
				CLANG_WARN_NON_LITERAL_NULL_CONVERSION = YES;
				CLANG_WARN_OBJC_IMPLICIT_RETAIN_SELF = YES;
				CLANG_WARN_OBJC_LITERAL_CONVERSION = YES;
				CLANG_WARN_OBJC_ROOT_CLASS = YES_ERROR;
				CLANG_WARN_QUOTED_INCLUDE_IN_FRAMEWORK_HEADER = YES;
				CLANG_WARN_RANGE_LOOP_ANALYSIS = YES;
				CLANG_WARN_STRICT_PROTOTYPES = YES;
				CLANG_WARN_SUSPICIOUS_MOVE = YES;
				CLANG_WARN_UNGUARDED_AVAILABILITY = YES_AGGRESSIVE;
				CLANG_WARN_UNREACHABLE_CODE = YES;
				CLANG_WARN__DUPLICATE_METHOD_MATCH = YES;
				COPY_PHASE_STRIP = NO;
				DEBUG_INFORMATION_FORMAT = "dwarf-with-dsym";
				ENABLE_NS_ASSERTIONS = NO;
				ENABLE_STRICT_OBJC_MSGSEND = YES;
				GCC_C_LANGUAGE_STANDARD = gnu11;
				GCC_NO_COMMON_BLOCKS = YES;
				GCC_WARN_64_TO_32_BIT_CONVERSION = YES;
				GCC_WARN_ABOUT_RETURN_TYPE = YES_ERROR;
				GCC_WARN_UNDECLARED_SELECTOR = YES;
				GCC_WARN_UNINITIALIZED_AUTOS = YES_AGGRESSIVE;
				GCC_WARN_UNUSED_FUNCTION = YES;
				GCC_WARN_UNUSED_VARIABLE = YES;
				IPHONEOS_DEPLOYMENT_TARGET = 16.4;
				MTL_ENABLE_DEBUG_INFO = NO;
				MTL_FAST_MATH = YES;
				SDKROOT = iphoneos;
				SWIFT_COMPILATION_MODE = wholemodule;
				SWIFT_OPTIMIZATION_LEVEL = "-O";
				VALIDATE_PRODUCT = YES;
			};
			name = Release;
		};
		5FCC1BBD29F1727B00F934B0 /* Debug */ = {
			isa = XCBuildConfiguration;
			buildSettings = {
				ASSETCATALOG_COMPILER_APPICON_NAME = AppIcon;
				ASSETCATALOG_COMPILER_GLOBAL_ACCENT_COLOR_NAME = AccentColor;
				CODE_SIGN_STYLE = Automatic;
				CURRENT_PROJECT_VERSION = 1;
				DEVELOPMENT_ASSET_PATHS = "\"HabitTrackerApp/Preview Content\"";
				ENABLE_PREVIEWS = YES;
				GENERATE_INFOPLIST_FILE = YES;
				INFOPLIST_KEY_UIApplicationSceneManifest_Generation = YES;
				INFOPLIST_KEY_UIApplicationSupportsIndirectInputEvents = YES;
				INFOPLIST_KEY_UILaunchScreen_Generation = YES;
				INFOPLIST_KEY_UISupportedInterfaceOrientations_iPad = "UIInterfaceOrientationPortrait UIInterfaceOrientationPortraitUpsideDown UIInterfaceOrientationLandscapeLeft UIInterfaceOrientationLandscapeRight";
				INFOPLIST_KEY_UISupportedInterfaceOrientations_iPhone = "UIInterfaceOrientationPortrait UIInterfaceOrientationLandscapeLeft UIInterfaceOrientationLandscapeRight";
				LD_RUNPATH_SEARCH_PATHS = (
					"$(inherited)",
					"@executable_path/Frameworks",
				);
				MARKETING_VERSION = 1.0;
				PRODUCT_BUNDLE_IDENTIFIER = com.example.HabitTrackerApp;
				PRODUCT_NAME = "$(TARGET_NAME)";
				SWIFT_EMIT_LOC_STRINGS = YES;
				SWIFT_VERSION = 5.0;
				TARGETED_DEVICE_FAMILY = "1,2";
			};
			name = Debug;
		};
		5FCC1BBE29F1727B00F934B0 /* Release */ = {
			isa = XCBuildConfiguration;
			buildSettings = {
				ASSETCATALOG_COMPILER_APPICON_NAME = AppIcon;
				ASSETCATALOG_COMPILER_GLOBAL_ACCENT_COLOR_NAME = AccentColor;
				CODE_SIGN_STYLE = Automatic;
				CURRENT_PROJECT_VERSION = 1;
				DEVELOPMENT_ASSET_PATHS = "\"HabitTrackerApp/Preview Content\"";
				ENABLE_PREVIEWS = YES;
				GENERATE_INFOPLIST_FILE = YES;
				INFOPLIST_KEY_UIApplicationSceneManifest_Generation = YES;
				INFOPLIST_KEY_UIApplicationSupportsIndirectInputEvents = YES;
				INFOPLIST_KEY_UILaunchScreen_Generation = YES;
				INFOPLIST_KEY_UISupportedInterfaceOrientations_iPad = "UIInterfaceOrientationPortrait UIInterfaceOrientationPortraitUpsideDown UIInterfaceOrientationLandscapeLeft UIInterfaceOrientationLandscapeRight";
				INFOPLIST_KEY_UISupportedInterfaceOrientations_iPhone = "UIInterfaceOrientationPortrait UIInterfaceOrientationLandscapeLeft UIInterfaceOrientationLandscapeRight";
				LD_RUNPATH_SEARCH_PATHS = (
					"$(inherited)",
					"@executable_path/Frameworks",
				);
				MARKETING_VERSION = 1.0;
				PRODUCT_BUNDLE_IDENTIFIER = com.example.HabitTrackerApp;
				PRODUCT_NAME = "$(TARGET_NAME)";
				SWIFT_EMIT_LOC_STRINGS = YES;
				SWIFT_VERSION = 5.0;
				TARGETED_DEVICE_FAMILY = "1,2";
			};
			name = Release;
		};
		5FCC1BC029F1727B00F934B0 /* Debug */ = {
			isa = XCBuildConfiguration;
			buildSettings = {
				ALWAYS_EMBED_SWIFT_STANDARD_LIBRARIES = YES;
				BUNDLE_LOADER = "$(TEST_HOST)";
				CODE_SIGN_STYLE = Automatic;
				CURRENT_PROJECT_VERSION = 1;
				GENERATE_INFOPLIST_FILE = YES;
				IPHONEOS_DEPLOYMENT_TARGET = 16.4;
				MARKETING_VERSION = 1.0;
				PRODUCT_BUNDLE_IDENTIFIER = com.example.HabitTrackerAppTests;
				PRODUCT_NAME = "$(TARGET_NAME)";
				SWIFT_EMIT_LOC_STRINGS = NO;
				SWIFT_VERSION = 5.0;
				TARGETED_DEVICE_FAMILY = "1,2";
				TEST_HOST = "$(BUILT_PRODUCTS_DIR)/HabitTrackerApp.app/$(BUNDLE_EXECUTABLE_FOLDER_PATH)/HabitTrackerApp";
			};
			name = Debug;
		};
		5FCC1BC129F1727B00F934B0 /* Release */ = {
			isa = XCBuildConfiguration;
			buildSettings = {
				ALWAYS_EMBED_SWIFT_STANDARD_LIBRARIES = YES;
				BUNDLE_LOADER = "$(TEST_HOST)";
				CODE_SIGN_STYLE = Automatic;
				CURRENT_PROJECT_VERSION = 1;
				GENERATE_INFOPLIST_FILE = YES;
				IPHONEOS_DEPLOYMENT_TARGET = 16.4;
				MARKETING_VERSION = 1.0;
				PRODUCT_BUNDLE_IDENTIFIER = com.example.HabitTrackerAppTests;
				PRODUCT_NAME = "$(TARGET_NAME)";
				SWIFT_EMIT_LOC_STRINGS = NO;
				SWIFT_VERSION = 5.0;
				TARGETED_DEVICE_FAMILY = "1,2";
				TEST_HOST = "$(BUILT_PRODUCTS_DIR)/HabitTrackerApp.app/$(BUNDLE_EXECUTABLE_FOLDER_PATH)/HabitTrackerApp";
			};
			name = Release;
		};
		5FCC1BC329F1727B00F934B0 /* Debug */ = {
			isa = XCBuildConfiguration;
			buildSettings = {
				ALWAYS_EMBED_SWIFT_STANDARD_LIBRARIES = YES;
				CODE_SIGN_STYLE = Automatic;
				CURRENT_PROJECT_VERSION = 1;
				GENERATE_INFOPLIST_FILE = YES;
				MARKETING_VERSION = 1.0;
				PRODUCT_BUNDLE_IDENTIFIER = com.example.HabitTrackerAppUITests;
				PRODUCT_NAME = "$(TARGET_NAME)";
				SWIFT_EMIT_LOC_STRINGS = NO;
				SWIFT_VERSION = 5.0;
				TARGETED_DEVICE_FAMILY = "1,2";
				TEST_TARGET_NAME = HabitTrackerApp;
			};
			name = Debug;
		};
		5FCC1BC429F1727B00F934B0 /* Release */ = {
			isa = XCBuildConfiguration;
			buildSettings = {
				ALWAYS_EMBED_SWIFT_STANDARD_LIBRARIES = YES;
				CODE_SIGN_STYLE = Automatic;
				CURRENT_PROJECT_VERSION = 1;
				GENERATE_INFOPLIST_FILE = YES;
				MARKETING_VERSION = 1.0;
				PRODUCT_BUNDLE_IDENTIFIER = com.example.HabitTrackerAppUITests;
				PRODUCT_NAME = "$(TARGET_NAME)";
				SWIFT_EMIT_LOC_STRINGS = NO;
				SWIFT_VERSION = 5.0;
				TARGETED_DEVICE_FAMILY = "1,2";
				TEST_TARGET_NAME = HabitTrackerApp;
			};
			name = Release;
		};
/* End XCBuildConfiguration section */

/* Begin XCConfigurationList section */
		5FCC1B9329F1727A00F934B0 /* Build configuration list for PBXProject "HabitTrackerApp" */ = {
			isa = XCConfigurationList;
			buildConfigurations = (
				5FCC1BBA29F1727B00F934B0 /* Debug */,
				5FCC1BBB29F1727B00F934B0 /* Release */,
			);
			defaultConfigurationIsVisible = 0;
			defaultConfigurationName = Release;
		};
		5FCC1BBC29F1727B00F934B0 /* Build configuration list for PBXNativeTarget "HabitTrackerApp" */ = {
			isa = XCConfigurationList;
			buildConfigurations = (
				5FCC1BBD29F1727B00F934B0 /* Debug */,
				5FCC1BBE29F1727B00F934B0 /* Release */,
			);
			defaultConfigurationIsVisible = 0;
			defaultConfigurationName = Release;
		};
		5FCC1BBF29F1727B00F934B0 /* Build configuration list for PBXNativeTarget "HabitTrackerAppTests" */ = {
			isa = XCConfigurationList;
			buildConfigurations = (
				5FCC1BC029F1727B00F934B0 /* Debug */,
				5FCC1BC129F1727B00F934B0 /* Release */,
			);
			defaultConfigurationIsVisible = 0;
			defaultConfigurationName = Release;
		};
		5FCC1BC229F1727B00F934B0 /* Build configuration list for PBXNativeTarget "HabitTrackerAppUITests" */ = {
			isa = XCConfigurationList;
			buildConfigurations = (
				5FCC1BC329F1727B00F934B0 /* Debug */,
				5FCC1BC429F1727B00F934B0 /* Release */,
			);
			defaultConfigurationIsVisible = 0;
			defaultConfigurationName = Release;
		};
/* End XCConfigurationList section */

/* Begin XCRemoteSwiftPackageReference section */
		5FCC1BC729F1733600F934B0 /* XCRemoteSwiftPackageReference "firebase-ios-sdk" */ = {
			isa = XCRemoteSwiftPackageReference;
			repositoryURL = "https://github.com/firebase/firebase-ios-sdk";
			requirement = {
				kind = upToNextMajorVersion;
				minimumVersion = 10.0.0;
			};
		};
/* End XCRemoteSwiftPackageReference section */

/* Begin XCSwiftPackageProductDependency section */
		5FCC1BC829F1733600F934B0 /* FirebaseAuth */ = {
			isa = XCSwiftPackageProductDependency;
			package = 5FCC1BC729F1733600F934B0 /* XCRemoteSwiftPackageReference "firebase-ios-sdk" */;
			productName = FirebaseAuth;
		};
		5FCC1BCA29F1733600F934B0 /* FirebaseFirestore */ = {
			isa = XCSwiftPackageProductDependency;
			package = 5FCC1BC729F1733600F934B0 /* XCRemoteSwiftPackageReference "firebase-ios-sdk" */;
			productName = FirebaseFirestore;
		};
		5FCC1BCC29F1733600F934B0 /* FirebaseFirestoreSwift */ = {
			isa = XCSwiftPackageProductDependency;
			package = 5FCC1BC729F1733600F934B0 /* XCRemoteSwiftPackageReference "firebase-ios-sdk" */;
			productName = FirebaseFirestoreSwift;
		};
/* End XCSwiftPackageProductDependency section */
	};
	rootObject = 5FCC1B9029F1727A00F934B0 /* Project object */;
}
